
Microsoft Visual Studio Solution File, Format Version 12.00
# Visual Studio Version 17
VisualStudioVersion = 17.13.35825.156
MinimumVisualStudioVersion = 10.0.40219.1
Project("{FAE04EC0-301F-11D3-BF4B-00C04F79EFBC}") = "Navi_API", "Navi_API\Navi_API.csproj", "{17E28A4B-C1AB-4E36-9F29-15255298B7C0}"
EndProject
Project("{FAE04EC0-301F-11D3-BF4B-00C04F79EFBC}") = "Services", "Services\Services.csproj", "{41B8C44A-EC01-41D5-BF89-E290A14921D2}"
EndProject
Project("{FAE04EC0-301F-11D3-BF4B-00C04F79EFBC}") = "Repository", "Repository\Repository.csproj", "{4D8B855C-AC95-4DEC-AB55-8E426AF73685}"
EndProject
Project("{FAE04EC0-301F-11D3-BF4B-00C04F79EFBC}") = "LoggerService", "LoggerService\LoggerService.csproj", "{46ED885F-03F8-4453-AA41-FAC4B66F51BE}"
EndProject
Project("{FAE04EC0-301F-11D3-BF4B-00C04F79EFBC}") = "Entities", "Entities\Entities.csproj", "{8DEB0F4D-DC41-4D61-9F83-79162A5967AA}"
EndProject
Project("{FAE04EC0-301F-11D3-BF4B-00C04F79EFBC}") = "Services.Contracts", "Services.Contracts\Services.Contracts.csproj", "{5A8036A7-608B-4E64-8A52-3140ABA3498F}"
EndProject
Project("{FAE04EC0-301F-11D3-BF4B-00C04F79EFBC}") = "Repository.Contracts", "Repository.Contracts\Repository.Contracts.csproj", "{94AF41C4-6887-4C70-8C3E-A27EDF92083B}"
EndProject
Project("{FAE04EC0-301F-11D3-BF4B-00C04F79EFBC}") = "Shared", "Shared\Shared.csproj", "{D0A2B80F-E2EB-4300-956C-38D91C327394}"
EndProject
Project("{FAE04EC0-301F-11D3-BF4B-00C04F79EFBC}") = "Navi_API.Tests", "Navi_API.Tests\Navi_API.Tests.csproj", "{7F855EED-8185-456E-8BB4-08F340F37D99}"
EndProject
Global
	GlobalSection(SolutionConfigurationPlatforms) = preSolution
		Debug|Any CPU = Debug|Any CPU
		Debug|x64 = Debug|x64
		Debug|x86 = Debug|x86
		Release|Any CPU = Release|Any CPU
		Release|x64 = Release|x64
		Release|x86 = Release|x86
	EndGlobalSection
	GlobalSection(ProjectConfigurationPlatforms) = postSolution
		{17E28A4B-C1AB-4E36-9F29-15255298B7C0}.Debug|Any CPU.ActiveCfg = Debug|Any CPU
		{17E28A4B-C1AB-4E36-9F29-15255298B7C0}.Debug|Any CPU.Build.0 = Debug|Any CPU
		{17E28A4B-C1AB-4E36-9F29-15255298B7C0}.Debug|x64.ActiveCfg = Debug|Any CPU
		{17E28A4B-C1AB-4E36-9F29-15255298B7C0}.Debug|x64.Build.0 = Debug|Any CPU
		{17E28A4B-C1AB-4E36-9F29-15255298B7C0}.Debug|x86.ActiveCfg = Debug|Any CPU
		{17E28A4B-C1AB-4E36-9F29-15255298B7C0}.Debug|x86.Build.0 = Debug|Any CPU
		{17E28A4B-C1AB-4E36-9F29-15255298B7C0}.Release|Any CPU.ActiveCfg = Release|Any CPU
		{17E28A4B-C1AB-4E36-9F29-15255298B7C0}.Release|Any CPU.Build.0 = Release|Any CPU
		{17E28A4B-C1AB-4E36-9F29-15255298B7C0}.Release|x64.ActiveCfg = Release|Any CPU
		{17E28A4B-C1AB-4E36-9F29-15255298B7C0}.Release|x64.Build.0 = Release|Any CPU
		{17E28A4B-C1AB-4E36-9F29-15255298B7C0}.Release|x86.ActiveCfg = Release|Any CPU
		{17E28A4B-C1AB-4E36-9F29-15255298B7C0}.Release|x86.Build.0 = Release|Any CPU
		{41B8C44A-EC01-41D5-BF89-E290A14921D2}.Debug|Any CPU.ActiveCfg = Debug|Any CPU
		{41B8C44A-EC01-41D5-BF89-E290A14921D2}.Debug|Any CPU.Build.0 = Debug|Any CPU
		{41B8C44A-EC01-41D5-BF89-E290A14921D2}.Debug|x64.ActiveCfg = Debug|Any CPU
		{41B8C44A-EC01-41D5-BF89-E290A14921D2}.Debug|x64.Build.0 = Debug|Any CPU
		{41B8C44A-EC01-41D5-BF89-E290A14921D2}.Debug|x86.ActiveCfg = Debug|Any CPU
		{41B8C44A-EC01-41D5-BF89-E290A14921D2}.Debug|x86.Build.0 = Debug|Any CPU
		{41B8C44A-EC01-41D5-BF89-E290A14921D2}.Release|Any CPU.ActiveCfg = Release|Any CPU
		{41B8C44A-EC01-41D5-BF89-E290A14921D2}.Release|Any CPU.Build.0 = Release|Any CPU
		{41B8C44A-EC01-41D5-BF89-E290A14921D2}.Release|x64.ActiveCfg = Release|Any CPU
		{41B8C44A-EC01-41D5-BF89-E290A14921D2}.Release|x64.Build.0 = Release|Any CPU
		{41B8C44A-EC01-41D5-BF89-E290A14921D2}.Release|x86.ActiveCfg = Release|Any CPU
		{41B8C44A-EC01-41D5-BF89-E290A14921D2}.Release|x86.Build.0 = Release|Any CPU
		{4D8B855C-AC95-4DEC-AB55-8E426AF73685}.Debug|Any CPU.ActiveCfg = Debug|Any CPU
		{4D8B855C-AC95-4DEC-AB55-8E426AF73685}.Debug|Any CPU.Build.0 = Debug|Any CPU
		{4D8B855C-AC95-4DEC-AB55-8E426AF73685}.Debug|x64.ActiveCfg = Debug|Any CPU
		{4D8B855C-AC95-4DEC-AB55-8E426AF73685}.Debug|x64.Build.0 = Debug|Any CPU
		{4D8B855C-AC95-4DEC-AB55-8E426AF73685}.Debug|x86.ActiveCfg = Debug|Any CPU
		{4D8B855C-AC95-4DEC-AB55-8E426AF73685}.Debug|x86.Build.0 = Debug|Any CPU
		{4D8B855C-AC95-4DEC-AB55-8E426AF73685}.Release|Any CPU.ActiveCfg = Release|Any CPU
		{4D8B855C-AC95-4DEC-AB55-8E426AF73685}.Release|Any CPU.Build.0 = Release|Any CPU
		{4D8B855C-AC95-4DEC-AB55-8E426AF73685}.Release|x64.ActiveCfg = Release|Any CPU
		{4D8B855C-AC95-4DEC-AB55-8E426AF73685}.Release|x64.Build.0 = Release|Any CPU
		{4D8B855C-AC95-4DEC-AB55-8E426AF73685}.Release|x86.ActiveCfg = Release|Any CPU
		{4D8B855C-AC95-4DEC-AB55-8E426AF73685}.Release|x86.Build.0 = Release|Any CPU
		{46ED885F-03F8-4453-AA41-FAC4B66F51BE}.Debug|Any CPU.ActiveCfg = Debug|Any CPU
		{46ED885F-03F8-4453-AA41-FAC4B66F51BE}.Debug|Any CPU.Build.0 = Debug|Any CPU
		{46ED885F-03F8-4453-AA41-FAC4B66F51BE}.Debug|x64.ActiveCfg = Debug|Any CPU
		{46ED885F-03F8-4453-AA41-FAC4B66F51BE}.Debug|x64.Build.0 = Debug|Any CPU
		{46ED885F-03F8-4453-AA41-FAC4B66F51BE}.Debug|x86.ActiveCfg = Debug|Any CPU
		{46ED885F-03F8-4453-AA41-FAC4B66F51BE}.Debug|x86.Build.0 = Debug|Any CPU
		{46ED885F-03F8-4453-AA41-FAC4B66F51BE}.Release|Any CPU.ActiveCfg = Release|Any CPU
		{46ED885F-03F8-4453-AA41-FAC4B66F51BE}.Release|Any CPU.Build.0 = Release|Any CPU
		{46ED885F-03F8-4453-AA41-FAC4B66F51BE}.Release|x64.ActiveCfg = Release|Any CPU
		{46ED885F-03F8-4453-AA41-FAC4B66F51BE}.Release|x64.Build.0 = Release|Any CPU
		{46ED885F-03F8-4453-AA41-FAC4B66F51BE}.Release|x86.ActiveCfg = Release|Any CPU
		{46ED885F-03F8-4453-AA41-FAC4B66F51BE}.Release|x86.Build.0 = Release|Any CPU
		{8DEB0F4D-DC41-4D61-9F83-79162A5967AA}.Debug|Any CPU.ActiveCfg = Debug|Any CPU
		{8DEB0F4D-DC41-4D61-9F83-79162A5967AA}.Debug|Any CPU.Build.0 = Debug|Any CPU
		{8DEB0F4D-DC41-4D61-9F83-79162A5967AA}.Debug|x64.ActiveCfg = Debug|Any CPU
		{8DEB0F4D-DC41-4D61-9F83-79162A5967AA}.Debug|x64.Build.0 = Debug|Any CPU
		{8DEB0F4D-DC41-4D61-9F83-79162A5967AA}.Debug|x86.ActiveCfg = Debug|Any CPU
		{8DEB0F4D-DC41-4D61-9F83-79162A5967AA}.Debug|x86.Build.0 = Debug|Any CPU
		{8DEB0F4D-DC41-4D61-9F83-79162A5967AA}.Release|Any CPU.ActiveCfg = Release|Any CPU
		{8DEB0F4D-DC41-4D61-9F83-79162A5967AA}.Release|Any CPU.Build.0 = Release|Any CPU
		{8DEB0F4D-DC41-4D61-9F83-79162A5967AA}.Release|x64.ActiveCfg = Release|Any CPU
		{8DEB0F4D-DC41-4D61-9F83-79162A5967AA}.Release|x64.Build.0 = Release|Any CPU
		{8DEB0F4D-DC41-4D61-9F83-79162A5967AA}.Release|x86.ActiveCfg = Release|Any CPU
		{8DEB0F4D-DC41-4D61-9F83-79162A5967AA}.Release|x86.Build.0 = Release|Any CPU
		{5A8036A7-608B-4E64-8A52-3140ABA3498F}.Debug|Any CPU.ActiveCfg = Debug|Any CPU
		{5A8036A7-608B-4E64-8A52-3140ABA3498F}.Debug|Any CPU.Build.0 = Debug|Any CPU
		{5A8036A7-608B-4E64-8A52-3140ABA3498F}.Debug|x64.ActiveCfg = Debug|Any CPU
		{5A8036A7-608B-4E64-8A52-3140ABA3498F}.Debug|x64.Build.0 = Debug|Any CPU
		{5A8036A7-608B-4E64-8A52-3140ABA3498F}.Debug|x86.ActiveCfg = Debug|Any CPU
		{5A8036A7-608B-4E64-8A52-3140ABA3498F}.Debug|x86.Build.0 = Debug|Any CPU
		{5A8036A7-608B-4E64-8A52-3140ABA3498F}.Release|Any CPU.ActiveCfg = Release|Any CPU
		{5A8036A7-608B-4E64-8A52-3140ABA3498F}.Release|Any CPU.Build.0 = Release|Any CPU
		{5A8036A7-608B-4E64-8A52-3140ABA3498F}.Release|x64.ActiveCfg = Release|Any CPU
		{5A8036A7-608B-4E64-8A52-3140ABA3498F}.Release|x64.Build.0 = Release|Any CPU
		{5A8036A7-608B-4E64-8A52-3140ABA3498F}.Release|x86.ActiveCfg = Release|Any CPU
		{5A8036A7-608B-4E64-8A52-3140ABA3498F}.Release|x86.Build.0 = Release|Any CPU
		{94AF41C4-6887-4C70-8C3E-A27EDF92083B}.Debug|Any CPU.ActiveCfg = Debug|Any CPU
		{94AF41C4-6887-4C70-8C3E-A27EDF92083B}.Debug|Any CPU.Build.0 = Debug|Any CPU
		{94AF41C4-6887-4C70-8C3E-A27EDF92083B}.Debug|x64.ActiveCfg = Debug|Any CPU
		{94AF41C4-6887-4C70-8C3E-A27EDF92083B}.Debug|x64.Build.0 = Debug|Any CPU
		{94AF41C4-6887-4C70-8C3E-A27EDF92083B}.Debug|x86.ActiveCfg = Debug|Any CPU
		{94AF41C4-6887-4C70-8C3E-A27EDF92083B}.Debug|x86.Build.0 = Debug|Any CPU
		{94AF41C4-6887-4C70-8C3E-A27EDF92083B}.Release|Any CPU.ActiveCfg = Release|Any CPU
		{94AF41C4-6887-4C70-8C3E-A27EDF92083B}.Release|Any CPU.Build.0 = Release|Any CPU
		{94AF41C4-6887-4C70-8C3E-A27EDF92083B}.Release|x64.ActiveCfg = Release|Any CPU
		{94AF41C4-6887-4C70-8C3E-A27EDF92083B}.Release|x64.Build.0 = Release|Any CPU
		{94AF41C4-6887-4C70-8C3E-A27EDF92083B}.Release|x86.ActiveCfg = Release|Any CPU
		{94AF41C4-6887-4C70-8C3E-A27EDF92083B}.Release|x86.Build.0 = Release|Any CPU
		{D0A2B80F-E2EB-4300-956C-38D91C327394}.Debug|Any CPU.ActiveCfg = Debug|Any CPU
		{D0A2B80F-E2EB-4300-956C-38D91C327394}.Debug|Any CPU.Build.0 = Debug|Any CPU
		{D0A2B80F-E2EB-4300-956C-38D91C327394}.Debug|x64.ActiveCfg = Debug|Any CPU
		{D0A2B80F-E2EB-4300-956C-38D91C327394}.Debug|x64.Build.0 = Debug|Any CPU
		{D0A2B80F-E2EB-4300-956C-38D91C327394}.Debug|x86.ActiveCfg = Debug|Any CPU
		{D0A2B80F-E2EB-4300-956C-38D91C327394}.Debug|x86.Build.0 = Debug|Any CPU
		{D0A2B80F-E2EB-4300-956C-38D91C327394}.Release|Any CPU.ActiveCfg = Release|Any CPU
		{D0A2B80F-E2EB-4300-956C-38D91C327394}.Release|Any CPU.Build.0 = Release|Any CPU
		{D0A2B80F-E2EB-4300-956C-38D91C327394}.Release|x64.ActiveCfg = Release|Any CPU
		{D0A2B80F-E2EB-4300-956C-38D91C327394}.Release|x64.Build.0 = Release|Any CPU
		{D0A2B80F-E2EB-4300-956C-38D91C327394}.Release|x86.ActiveCfg = Release|Any CPU
		{D0A2B80F-E2EB-4300-956C-38D91C327394}.Release|x86.Build.0 = Release|Any CPU
		{7F855EED-8185-456E-8BB4-08F340F37D99}.Debug|Any CPU.ActiveCfg = Debug|Any CPU
		{7F855EED-8185-456E-8BB4-08F340F37D99}.Debug|Any CPU.Build.0 = Debug|Any CPU
		{7F855EED-8185-456E-8BB4-08F340F37D99}.Debug|x64.ActiveCfg = Debug|Any CPU
		{7F855EED-8185-456E-8BB4-08F340F37D99}.Debug|x64.Build.0 = Debug|Any CPU
		{7F855EED-8185-456E-8BB4-08F340F37D99}.Debug|x86.ActiveCfg = Debug|Any CPU
		{7F855EED-8185-456E-8BB4-08F340F37D99}.Debug|x86.Build.0 = Debug|Any CPU
		{7F855EED-8185-456E-8BB4-08F340F37D99}.Release|Any CPU.ActiveCfg = Release|Any CPU
		{7F855EED-8185-456E-8BB4-08F340F37D99}.Release|Any CPU.Build.0 = Release|Any CPU
		{7F855EED-8185-456E-8BB4-08F340F37D99}.Release|x64.ActiveCfg = Release|Any CPU
		{7F855EED-8185-456E-8BB4-08F340F37D99}.Release|x64.Build.0 = Release|Any CPU
		{7F855EED-8185-456E-8BB4-08F340F37D99}.Release|x86.ActiveCfg = Release|Any CPU
		{7F855EED-8185-456E-8BB4-08F340F37D99}.Release|x86.Build.0 = Release|Any CPU
	EndGlobalSection
	GlobalSection(SolutionProperties) = preSolution
		HideSolutionNode = FALSE
	EndGlobalSection
	GlobalSection(ExtensibilityGlobals) = postSolution
		SolutionGuid = {E9BE8C97-AB26-4746-8304-75A1A5E510C1}
	EndGlobalSection
EndGlobal
